<?xml version="1.0" encoding="utf-8"?>
<Project ToolsVersion="4.0" xmlns="http://schemas.microsoft.com/developer/msbuild/2003">
  <ItemGroup>
    <Filter Include="Source Files">
      <UniqueIdentifier>{4FC737F1-C7A5-4376-A066-2A32D752A2FF}</UniqueIdentifier>
      <Extensions>cpp;c;cc;cxx;def;odl;idl;hpj;bat;asm;asmx</Extensions>
    </Filter>
    <Filter Include="Header Files">
      <UniqueIdentifier>{93995380-89BD-4b04-88EB-625FBE52EBFB}</UniqueIdentifier>
      <Extensions>h;hpp;hxx;hm;inl;inc;xsd</Extensions>
    </Filter>
    <Filter Include="Resource Files">
      <UniqueIdentifier>{67DA6AB6-F800-4c08-8B7A-83BB121AAD01}</UniqueIdentifier>
      <Extensions>rc;ico;cur;bmp;dlg;rc2;rct;bin;rgs;gif;jpg;jpeg;jpe;resx;tiff;tif;png;wav;mfcribbon-ms</Extensions>
    </Filter>
    <Filter Include="Source Files\ddsbase">
      <UniqueIdentifier>{09ca618b-fb5c-4f9c-be09-c8b396c2593f}</UniqueIdentifier>
    </Filter>
    <Filter Include="Header Files\ddsbase">
      <UniqueIdentifier>{8c902f03-3a52-4517-9161-67bb01f665fe}</UniqueIdentifier>
    </Filter>
  </ItemGroup>
  <ItemGroup>
    <ClInclude Include="include\Verdi.h">
      <Filter>Header Files</Filter>
    </ClInclude>
    <ClInclude Include="include\VerdiCamera.h">
      <Filter>Header Files</Filter>
    </ClInclude>
    <ClInclude Include="include\VerdiCompositor.h">
      <Filter>Header Files</Filter>
    </ClInclude>
    <ClInclude Include="include\VerdiCosineSpline.h">
      <Filter>Header Files</Filter>
    </ClInclude>
    <ClInclude Include="include\VerdiDataSet.h">
      <Filter>Header Files</Filter>
    </ClInclude>
    <ClInclude Include="include\VerdiDataSetReader.h">
      <Filter>Header Files</Filter>
    </ClInclude>
    <ClInclude Include="include\VerdiDataSetReaderFactory.h">
      <Filter>Header Files</Filter>
    </ClInclude>
    <ClInclude Include="include\VerdiException.h">
      <Filter>Header Files</Filter>
    </ClInclude>
    <ClInclude Include="include\VerdiHardwareDataSet.h">
      <Filter>Header Files</Filter>
    </ClInclude>
    <ClInclude Include="include\VerdiHardwareTransferFunction.h">
      <Filter>Header Files</Filter>
    </ClInclude>
    <ClInclude Include="include\VerdiMat4.h">
      <Filter>Header Files</Filter>
    </ClInclude>
    <ClInclude Include="include\VerdiMath.h">
      <Filter>Header Files</Filter>
    </ClInclude>
    <ClInclude Include="include\VerdiMinMaxOctree.h">
      <Filter>Header Files</Filter>
    </ClInclude>
    <ClInclude Include="include\VerdiPrerequisites.h">
      <Filter>Header Files</Filter>
    </ClInclude>
    <ClInclude Include="include\VerdiPvmReader.h">
      <Filter>Header Files</Filter>
    </ClInclude>
    <ClInclude Include="include\VerdiRawReader.h">
      <Filter>Header Files</Filter>
    </ClInclude>
    <ClInclude Include="include\VerdiRenderContext.h">
      <Filter>Header Files</Filter>
    </ClInclude>
    <ClInclude Include="include\VerdiRenderStrategy.h">
      <Filter>Header Files</Filter>
    </ClInclude>
    <ClInclude Include="include\VerdiRenderSystem.h">
      <Filter>Header Files</Filter>
    </ClInclude>
    <ClInclude Include="include\VerdiSpline.h">
      <Filter>Header Files</Filter>
    </ClInclude>
    <ClInclude Include="include\VerdiStringUtility.h">
      <Filter>Header Files</Filter>
    </ClInclude>
    <ClInclude Include="include\VerdiTimer.h">
      <Filter>Header Files</Filter>
    </ClInclude>
    <ClInclude Include="include\VerdiTransferFunction.h">
      <Filter>Header Files</Filter>
    </ClInclude>
    <ClInclude Include="include\VerdiVec3.h">
      <Filter>Header Files</Filter>
    </ClInclude>
    <ClInclude Include="include\VerdiVec4.h">
      <Filter>Header Files</Filter>
    </ClInclude>
    <ClInclude Include="include\VerdiVersion.h">
      <Filter>Header Files</Filter>
    </ClInclude>
    <ClInclude Include="src\ddsbase\ddsbase.h">
      <Filter>Header Files\ddsbase</Filter>
    </ClInclude>
    <ClInclude Include="include\VerdiMaterial.h">
      <Filter>Header Files</Filter>
    </ClInclude>
    <ClInclude Include="include\VerdiLight.h">
      <Filter>Header Files</Filter>
    </ClInclude>
    <ClInclude Include="include\VerdiUberShader.h">
      <Filter>Header Files</Filter>
    </ClInclude>
  </ItemGroup>
  <ItemGroup>
    <ClCompile Include="src\VerdiCamera.cpp">
      <Filter>Source Files</Filter>
    </ClCompile>
    <ClCompile Include="src\VerdiCosineSpline.cpp">
      <Filter>Source Files</Filter>
    </ClCompile>
    <ClCompile Include="src\VerdiDataSet.cpp">
      <Filter>Source Files</Filter>
    </ClCompile>
    <ClCompile Include="src\VerdiException.cpp">
      <Filter>Source Files</Filter>
    </ClCompile>
    <ClCompile Include="src\VerdiHardwareDataSet.cpp">
      <Filter>Source Files</Filter>
    </ClCompile>
    <ClCompile Include="src\VerdiHardwareTransferFunction.cpp">
      <Filter>Source Files</Filter>
    </ClCompile>
    <ClCompile Include="src\VerdiMath.cpp">
      <Filter>Source Files</Filter>
    </ClCompile>
    <ClCompile Include="src\VerdiMinMaxOctree.cpp">
      <Filter>Source Files</Filter>
    </ClCompile>
    <ClCompile Include="src\VerdiPvmReader.cpp">
      <Filter>Source Files</Filter>
    </ClCompile>
    <ClCompile Include="src\VerdiRawReader.cpp">
      <Filter>Source Files</Filter>
    </ClCompile>
    <ClCompile Include="src\VerdiRenderContext.cpp">
      <Filter>Source Files</Filter>
    </ClCompile>
    <ClCompile Include="src\VerdiRenderSystem.cpp">
      <Filter>Source Files</Filter>
    </ClCompile>
    <ClCompile Include="src\VerdiSpline.cpp">
      <Filter>Source Files</Filter>
    </ClCompile>
    <ClCompile Include="src\VerdiStringUtility.cpp">
      <Filter>Source Files</Filter>
    </ClCompile>
    <ClCompile Include="src\VerdiTimer.cpp">
      <Filter>Source Files</Filter>
    </ClCompile>
    <ClCompile Include="src\VerdiTransferFunction.cpp">
      <Filter>Source Files</Filter>
    </ClCompile>
    <ClCompile Include="src\ddsbase\ddsbase.cpp">
      <Filter>Source Files\ddsbase</Filter>
    </ClCompile>
    <ClCompile Include="src\VerdiPrerequisites.cpp">
      <Filter>Source Files</Filter>
    </ClCompile>
  </ItemGroup>
</Project>